
Microsoft Visual Studio Solution File, Format Version 12.00
# Visual Studio Version 17
VisualStudioVersion = 17.4.33213.308
MinimumVisualStudioVersion = 10.0.40219.1
Project("{FAE04EC0-301F-11D3-BF4B-00C04F79EFBC}") = "Core_SK_Patch", "Core_SK_Patch.csproj", "{B61E2EC5-DACF-487B-B528-87EF0532E8B8}"
EndProject
Global
	GlobalSection(SolutionConfigurationPlatforms) = preSolution
		Debug|Any CPU = Debug|Any CPU
		Release|Any CPU = Release|Any CPU
	EndGlobalSection
	GlobalSection(ProjectConfigurationPlatforms) = postSolution
		{B61E2EC5-DACF-487B-B528-87EF0532E8B8}.Debug|Any CPU.ActiveCfg = Debug|Any CPU
		{B61E2EC5-DACF-487B-B528-87EF0532E8B8}.Debug|Any CPU.Build.0 = Debug|Any CPU
		{B61E2EC5-DACF-487B-B528-87EF0532E8B8}.Release|Any CPU.ActiveCfg = Release|Any CPU
		{B61E2EC5-DACF-487B-B528-87EF0532E8B8}.Release|Any CPU.Build.0 = Release|Any CPU
	EndGlobalSection
	GlobalSection(SolutionProperties) = preSolution
		HideSolutionNode = FALSE
	EndGlobalSection
	GlobalSection(ExtensibilityGlobals) = postSolution
		SolutionGuid = {67081524-5558-41CF-A863-7479C6FD0B6C}
	EndGlobalSection
EndGlobal
