
Microsoft Visual Studio Solution File, Format Version 12.00
# Visual Studio Version 17
VisualStudioVersion = 17.4.33213.308
MinimumVisualStudioVersion = 10.0.40219.1
Project("{FAE04EC0-301F-11D3-BF4B-00C04F79EFBC}") = "Core_SK_Patch", "Core_SK_Patch.csproj", "{B61E2EC5-DACF-487B-B528-87EF0532E8B8}"
EndProject
Project("{FAE04EC0-301F-11D3-BF4B-00C04F79EFBC}") = "SOS2Compat", "..\SOS2Compat\SOS2Compat.csproj", "{B03F751E-BB50-4818-A689-2B17B05DF14A}"
	ProjectSection(ProjectDependencies) = postProject
		{B61E2EC5-DACF-487B-B528-87EF0532E8B8} = {B61E2EC5-DACF-487B-B528-87EF0532E8B8}
	EndProjectSection
EndProject
Global
	GlobalSection(SolutionConfigurationPlatforms) = preSolution
		1.3|Any CPU = 1.3|Any CPU
		1.4|Any CPU = 1.4|Any CPU
		1.4-debug|Any CPU = 1.4-debug|Any CPU
		Debug|Any CPU = Debug|Any CPU
		Release|Any CPU = Release|Any CPU
	EndGlobalSection
	GlobalSection(ProjectConfigurationPlatforms) = postSolution
		{B61E2EC5-DACF-487B-B528-87EF0532E8B8}.1.3|Any CPU.ActiveCfg = 1.3|Any CPU
		{B61E2EC5-DACF-487B-B528-87EF0532E8B8}.1.3|Any CPU.Build.0 = 1.3|Any CPU
		{B61E2EC5-DACF-487B-B528-87EF0532E8B8}.1.4|Any CPU.ActiveCfg = 1.4|Any CPU
		{B61E2EC5-DACF-487B-B528-87EF0532E8B8}.1.4|Any CPU.Build.0 = 1.4|Any CPU
		{B61E2EC5-DACF-487B-B528-87EF0532E8B8}.1.4-debug|Any CPU.ActiveCfg = 1.4-debug|Any CPU
		{B61E2EC5-DACF-487B-B528-87EF0532E8B8}.1.4-debug|Any CPU.Build.0 = 1.4-debug|Any CPU
		{B61E2EC5-DACF-487B-B528-87EF0532E8B8}.Debug|Any CPU.ActiveCfg = Debug|Any CPU
		{B61E2EC5-DACF-487B-B528-87EF0532E8B8}.Debug|Any CPU.Build.0 = Debug|Any CPU
		{B61E2EC5-DACF-487B-B528-87EF0532E8B8}.Release|Any CPU.ActiveCfg = Debug|Any CPU
		{B61E2EC5-DACF-487B-B528-87EF0532E8B8}.Release|Any CPU.Build.0 = Debug|Any CPU
		{B03F751E-BB50-4818-A689-2B17B05DF14A}.1.3|Any CPU.ActiveCfg = Debug|Any CPU
		{B03F751E-BB50-4818-A689-2B17B05DF14A}.1.3|Any CPU.Build.0 = Debug|Any CPU
		{B03F751E-BB50-4818-A689-2B17B05DF14A}.1.4|Any CPU.ActiveCfg = Release|Any CPU
		{B03F751E-BB50-4818-A689-2B17B05DF14A}.1.4|Any CPU.Build.0 = Release|Any CPU
		{B03F751E-BB50-4818-A689-2B17B05DF14A}.1.4-debug|Any CPU.ActiveCfg = Debug|Any CPU
		{B03F751E-BB50-4818-A689-2B17B05DF14A}.1.4-debug|Any CPU.Build.0 = Debug|Any CPU
		{B03F751E-BB50-4818-A689-2B17B05DF14A}.Debug|Any CPU.ActiveCfg = Debug|Any CPU
		{B03F751E-BB50-4818-A689-2B17B05DF14A}.Debug|Any CPU.Build.0 = Debug|Any CPU
		{B03F751E-BB50-4818-A689-2B17B05DF14A}.Release|Any CPU.ActiveCfg = Release|Any CPU
		{B03F751E-BB50-4818-A689-2B17B05DF14A}.Release|Any CPU.Build.0 = Release|Any CPU
	EndGlobalSection
	GlobalSection(SolutionProperties) = preSolution
		HideSolutionNode = FALSE
	EndGlobalSection
	GlobalSection(ExtensibilityGlobals) = postSolution
		SolutionGuid = {67081524-5558-41CF-A863-7479C6FD0B6C}
	EndGlobalSection
EndGlobal
